# This file is autogenerated, do not edit; changes may be undone by the next 'dep ensure'.


[[projects]]
  branch = "master"
  digest = "1:4b73e2ce901401adccff175e55bbaf67fb700a86a776cc99a8fc5e22fc7475ea"
  name = "github.com/gen2brain/beeep"
  packages = ["."]
  pruneopts = "UT"
  revision = "ece0cb67ca779f79a6617821811f91beae5362c7"

[[projects]]
  digest = "1:1f9fae0d86e56888d2e00c231d2a3958c321856ae585cff461b64929c66ce595"
  name = "github.com/godbus/dbus"
  packages = ["."]
  pruneopts = "UT"
  revision = "735b987ea3fc98b200348de1656e97f656ed4873"
  version = "v5.0.2"

[[projects]]
  branch = "master"
  digest = "1:0e1e5f960c58fdc677212fcc70e55042a0084d367623e51afbdb568963832f5d"
  name = "github.com/nu7hatch/gouuid"
  packages = ["."]
  pruneopts = "UT"
  revision = "179d4d0c4d8d407a32af483c2354df1d2c91e6c3"

[[projects]]
  branch = "master"
  digest = "1:a5dd1331ce858f7648dbe0cddc1e05ea7b70dd6cb8e8a3043a5d2eb0d66ab63a"
  name = "github.com/tadvi/systray"
  packages = ["."]
  pruneopts = "UT"
  revision = "11a2b8fa57afff744b2e66a9b05f173c78f20dc6"

[[projects]]
  branch = "master"
  digest = "1:04877de8a7e9d5e2c8a457841a8fb3d618798f73e1229079de9a401af88ebf5c"
  name = "golang.org/x/sys"
  packages = [
    "windows",
    "windows/registry",
  ]
  pruneopts = "UT"
  revision = "c178f38b412c7b426e4e97be2e75d11ff7b8d4d4"

[[projects]]
  branch = "v1"
  digest = "1:b71ccd8615521db4ea2f9381f55780a1312654f5d8431d2e58eca51c74110de2"
  name = "gopkg.in/toast.v1"
  packages = ["."]
  pruneopts = "UT"
  revision = "0a84660828b24d25b35525c9a1f1f51267f8da91"

[solve-meta]
  analyzer-name = "dep"
  analyzer-version = 1
  input-imports = ["github.com/gen2brain/beeep"]
  solver-name = "gps-cdcl"
  solver-version = 1
